
Microsoft Visual Studio Solution File, Format Version 12.00
# Visual Studio Version 16
VisualStudioVersion = 16.0.808.4
MinimumVisualStudioVersion = 10.0.40219.1
Project("{FAE04EC0-301F-11D3-BF4B-00C04F79EFBC}") = "DependencyResolution.ConsoleSample", "DependencyResolution.ConsoleSample\DependencyResolution.ConsoleSample.csproj", "{C1655526-C762-4BE1-8D81-DEB8D9949783}"
EndProject
Project("{FAE04EC0-301F-11D3-BF4B-00C04F79EFBC}") = "DependencyResolutionLib", "DependencyResolutionLib\DependencyResolutionLib.csproj", "{A148FE54-B8A9-4799-86FB-8A6F8A566ED1}"
EndProject
Global
	GlobalSection(SolutionConfigurationPlatforms) = preSolution
		Debug|Any CPU = Debug|Any CPU
		Release|Any CPU = Release|Any CPU
	EndGlobalSection
	GlobalSection(ProjectConfigurationPlatforms) = postSolution
		{C1655526-C762-4BE1-8D81-DEB8D9949783}.Debug|Any CPU.ActiveCfg = Debug|Any CPU
		{C1655526-C762-4BE1-8D81-DEB8D9949783}.Debug|Any CPU.Build.0 = Debug|Any CPU
		{C1655526-C762-4BE1-8D81-DEB8D9949783}.Release|Any CPU.ActiveCfg = Release|Any CPU
		{C1655526-C762-4BE1-8D81-DEB8D9949783}.Release|Any CPU.Build.0 = Release|Any CPU
		{A148FE54-B8A9-4799-86FB-8A6F8A566ED1}.Debug|Any CPU.ActiveCfg = Debug|Any CPU
		{A148FE54-B8A9-4799-86FB-8A6F8A566ED1}.Debug|Any CPU.Build.0 = Debug|Any CPU
		{A148FE54-B8A9-4799-86FB-8A6F8A566ED1}.Release|Any CPU.ActiveCfg = Release|Any CPU
		{A148FE54-B8A9-4799-86FB-8A6F8A566ED1}.Release|Any CPU.Build.0 = Release|Any CPU
	EndGlobalSection
	GlobalSection(SolutionProperties) = preSolution
		HideSolutionNode = FALSE
	EndGlobalSection
	GlobalSection(ExtensibilityGlobals) = postSolution
		SolutionGuid = {880F7903-9277-47E9-BD8C-61B0F9D5F922}
	EndGlobalSection
EndGlobal
